
Microsoft Visual Studio Solution File, Format Version 12.00
# Visual Studio 15
VisualStudioVersion = 15.0.28307.1300
MinimumVisualStudioVersion = 10.0.40219.1
Project("{FAE04EC0-301F-11D3-BF4B-00C04F79EFBC}") = "WinAppLogin", "WinAppLogin\WinAppLogin.csproj", "{EB029300-AB39-43AA-8D23-8B2372828A55}"
EndProject
Global
	GlobalSection(SolutionConfigurationPlatforms) = preSolution
		Debug|Any CPU = Debug|Any CPU
		Release|Any CPU = Release|Any CPU
	EndGlobalSection
	GlobalSection(ProjectConfigurationPlatforms) = postSolution
		{EB029300-AB39-43AA-8D23-8B2372828A55}.Debug|Any CPU.ActiveCfg = Debug|Any CPU
		{EB029300-AB39-43AA-8D23-8B2372828A55}.Debug|Any CPU.Build.0 = Debug|Any CPU
		{EB029300-AB39-43AA-8D23-8B2372828A55}.Release|Any CPU.ActiveCfg = Release|Any CPU
		{EB029300-AB39-43AA-8D23-8B2372828A55}.Release|Any CPU.Build.0 = Release|Any CPU
	EndGlobalSection
	GlobalSection(SolutionProperties) = preSolution
		HideSolutionNode = FALSE
	EndGlobalSection
	GlobalSection(ExtensibilityGlobals) = postSolution
		SolutionGuid = {726C9F5D-215B-4B23-9895-319F0E75DF7C}
	EndGlobalSection
EndGlobal
